
Microsoft Visual Studio Solution File, Format Version 12.00
# Visual Studio 15
VisualStudioVersion = 15.0.27130.2027
MinimumVisualStudioVersion = 10.0.40219.1
Project("{FAE04EC0-301F-11D3-BF4B-00C04F79EFBC}") = "DEV-7", "DEV-7\DEV-7.csproj", "{DB9706FD-1AD5-402D-B6E7-FD5342A719D7}"
EndProject
Project("{FAE04EC0-301F-11D3-BF4B-00C04F79EFBC}") = "DEV-7.Tests", "DEV-7.Tests\DEV-7.Tests.csproj", "{32A6FB74-9195-41C6-BDF7-7776A2735755}"
EndProject
Global
	GlobalSection(SolutionConfigurationPlatforms) = preSolution
		Debug|Any CPU = Debug|Any CPU
		Release|Any CPU = Release|Any CPU
	EndGlobalSection
	GlobalSection(ProjectConfigurationPlatforms) = postSolution
		{DB9706FD-1AD5-402D-B6E7-FD5342A719D7}.Debug|Any CPU.ActiveCfg = Debug|Any CPU
		{DB9706FD-1AD5-402D-B6E7-FD5342A719D7}.Debug|Any CPU.Build.0 = Debug|Any CPU
		{DB9706FD-1AD5-402D-B6E7-FD5342A719D7}.Release|Any CPU.ActiveCfg = Release|Any CPU
		{DB9706FD-1AD5-402D-B6E7-FD5342A719D7}.Release|Any CPU.Build.0 = Release|Any CPU
		{32A6FB74-9195-41C6-BDF7-7776A2735755}.Debug|Any CPU.ActiveCfg = Debug|Any CPU
		{32A6FB74-9195-41C6-BDF7-7776A2735755}.Debug|Any CPU.Build.0 = Debug|Any CPU
		{32A6FB74-9195-41C6-BDF7-7776A2735755}.Release|Any CPU.ActiveCfg = Release|Any CPU
		{32A6FB74-9195-41C6-BDF7-7776A2735755}.Release|Any CPU.Build.0 = Release|Any CPU
	EndGlobalSection
	GlobalSection(SolutionProperties) = preSolution
		HideSolutionNode = FALSE
	EndGlobalSection
	GlobalSection(ExtensibilityGlobals) = postSolution
		SolutionGuid = {25692DCC-C616-4FD2-A7CD-3D7C2B01E53E}
	EndGlobalSection
EndGlobal
