
Microsoft Visual Studio Solution File, Format Version 12.00
# Visual Studio 15
VisualStudioVersion = 15.0.27130.2027
MinimumVisualStudioVersion = 10.0.40219.1
Project("{FAE04EC0-301F-11D3-BF4B-00C04F79EFBC}") = "Test-1_Task-1", "Test-1_Task-1\Test-1_Task-1.csproj", "{66EF92B9-04EC-4C8B-95F3-F5D3FFB6C24F}"
EndProject
Global
	GlobalSection(SolutionConfigurationPlatforms) = preSolution
		Debug|Any CPU = Debug|Any CPU
		Release|Any CPU = Release|Any CPU
	EndGlobalSection
	GlobalSection(ProjectConfigurationPlatforms) = postSolution
		{66EF92B9-04EC-4C8B-95F3-F5D3FFB6C24F}.Debug|Any CPU.ActiveCfg = Debug|Any CPU
		{66EF92B9-04EC-4C8B-95F3-F5D3FFB6C24F}.Debug|Any CPU.Build.0 = Debug|Any CPU
		{66EF92B9-04EC-4C8B-95F3-F5D3FFB6C24F}.Release|Any CPU.ActiveCfg = Release|Any CPU
		{66EF92B9-04EC-4C8B-95F3-F5D3FFB6C24F}.Release|Any CPU.Build.0 = Release|Any CPU
	EndGlobalSection
	GlobalSection(SolutionProperties) = preSolution
		HideSolutionNode = FALSE
	EndGlobalSection
	GlobalSection(ExtensibilityGlobals) = postSolution
		SolutionGuid = {98F91E0E-8832-4E1B-814D-94508B823DF9}
	EndGlobalSection
EndGlobal
